{
  "name": "let-me-show-you",
  "version": "1.0.0",
  "lockfileVersion": 3,
  "requires": true,
  "packages": {
    "": {
      "name": "let-me-show-you",
      "version": "1.0.0",
      "license": "MIT",
      "bin": {
        "let-me-show-you": "index.js",
        "lmsy": "index.js"
      },
      "engines": {
        "node": ">=18.0.0"
      }
    }
  }
}
